// !$*UTF8*$!
{
	archiveVersion = 1;
	classes = {
	};
	objectVersion = 51;
	objects = {

/* Begin PBXBuildFile section */
		04578962235D52A500831B57 /* AppDelegate.swift in Sources */ = {isa = PBXBuildFile; fileRef = 04578961235D52A500831B57 /* AppDelegate.swift */; };
		04578964235D52A500831B57 /* SceneDelegate.swift in Sources */ = {isa = PBXBuildFile; fileRef = 04578963235D52A500831B57 /* SceneDelegate.swift */; };
		04578966235D52A500831B57 /* ViewController.swift in Sources */ = {isa = PBXBuildFile; fileRef = 04578965235D52A500831B57 /* ViewController.swift */; };
		0457896B235D52A500831B57 /* Assets.xcassets in Resources */ = {isa = PBXBuildFile; fileRef = 0457896A235D52A500831B57 /* Assets.xcassets */; };
		0457896E235D52A500831B57 /* LaunchScreen.storyboard in Resources */ = {isa = PBXBuildFile; fileRef = 0457896C235D52A500831B57 /* LaunchScreen.storyboard */; };
		04578979235D52A600831B57 /* HappyVoiceTests.swift in Sources */ = {isa = PBXBuildFile; fileRef = 04578978235D52A600831B57 /* HappyVoiceTests.swift */; };
		04578984235D52A600831B57 /* HappyVoiceUITests.swift in Sources */ = {isa = PBXBuildFile; fileRef = 04578983235D52A600831B57 /* HappyVoiceUITests.swift */; };
		0457899D235D811600831B57 /* HVLoginMainVC.swift in Sources */ = {isa = PBXBuildFile; fileRef = 0457899C235D811600831B57 /* HVLoginMainVC.swift */; };
		0457899F235EB51E00831B57 /* BaseUIViewController.swift in Sources */ = {isa = PBXBuildFile; fileRef = 0457899E235EB51E00831B57 /* BaseUIViewController.swift */; };
		045789A1235ECED300831B57 /* BaseUITabBarController.swift in Sources */ = {isa = PBXBuildFile; fileRef = 045789A0235ECED300831B57 /* BaseUITabBarController.swift */; };
		045789A3235ECF0C00831B57 /* BaseUINavigationController.swift in Sources */ = {isa = PBXBuildFile; fileRef = 045789A2235ECF0C00831B57 /* BaseUINavigationController.swift */; };
		045789A5235ED67000831B57 /* HVHomeMainVC.swift in Sources */ = {isa = PBXBuildFile; fileRef = 045789A4235ED67000831B57 /* HVHomeMainVC.swift */; };
		045789A7235ED68E00831B57 /* HVMyCenterVC.swift in Sources */ = {isa = PBXBuildFile; fileRef = 045789A6235ED68E00831B57 /* HVMyCenterVC.swift */; };
		3B4DD0AB00CA565EF6583F1E /* Pods_HappyVoice.framework in Frameworks */ = {isa = PBXBuildFile; fileRef = 90A066DD7BA7F1DFBA233DA2 /* Pods_HappyVoice.framework */; };
/* End PBXBuildFile section */

/* Begin PBXContainerItemProxy section */
		04578975235D52A600831B57 /* PBXContainerItemProxy */ = {
			isa = PBXContainerItemProxy;
			containerPortal = 04578956235D52A500831B57 /* Project object */;
			proxyType = 1;
			remoteGlobalIDString = 0457895D235D52A500831B57;
			remoteInfo = HappyVoice;
		};
		04578980235D52A600831B57 /* PBXContainerItemProxy */ = {
			isa = PBXContainerItemProxy;
			containerPortal = 04578956235D52A500831B57 /* Project object */;
			proxyType = 1;
			remoteGlobalIDString = 0457895D235D52A500831B57;
			remoteInfo = HappyVoice;
		};
/* End PBXContainerItemProxy section */

/* Begin PBXFileReference section */
		0457895E235D52A500831B57 /* HappyVoice.app */ = {isa = PBXFileReference; explicitFileType = wrapper.application; includeInIndex = 0; path = HappyVoice.app; sourceTree = BUILT_PRODUCTS_DIR; };
		04578961235D52A500831B57 /* AppDelegate.swift */ = {isa = PBXFileReference; lastKnownFileType = sourcecode.swift; path = AppDelegate.swift; sourceTree = "<group>"; };
		04578963235D52A500831B57 /* SceneDelegate.swift */ = {isa = PBXFileReference; lastKnownFileType = sourcecode.swift; path = SceneDelegate.swift; sourceTree = "<group>"; };
		04578965235D52A500831B57 /* ViewController.swift */ = {isa = PBXFileReference; lastKnownFileType = sourcecode.swift; path = ViewController.swift; sourceTree = "<group>"; };
		0457896A235D52A500831B57 /* Assets.xcassets */ = {isa = PBXFileReference; lastKnownFileType = folder.assetcatalog; path = Assets.xcassets; sourceTree = "<group>"; };
		0457896D235D52A500831B57 /* Base */ = {isa = PBXFileReference; lastKnownFileType = file.storyboard; name = Base; path = Base.lproj/LaunchScreen.storyboard; sourceTree = "<group>"; };
		0457896F235D52A500831B57 /* Info.plist */ = {isa = PBXFileReference; lastKnownFileType = text.plist.xml; path = Info.plist; sourceTree = "<group>"; };
		04578974235D52A600831B57 /* HappyVoiceTests.xctest */ = {isa = PBXFileReference; explicitFileType = wrapper.cfbundle; includeInIndex = 0; path = HappyVoiceTests.xctest; sourceTree = BUILT_PRODUCTS_DIR; };
		04578978235D52A600831B57 /* HappyVoiceTests.swift */ = {isa = PBXFileReference; lastKnownFileType = sourcecode.swift; path = HappyVoiceTests.swift; sourceTree = "<group>"; };
		0457897A235D52A600831B57 /* Info.plist */ = {isa = PBXFileReference; lastKnownFileType = text.plist.xml; path = Info.plist; sourceTree = "<group>"; };
		0457897F235D52A600831B57 /* HappyVoiceUITests.xctest */ = {isa = PBXFileReference; explicitFileType = wrapper.cfbundle; includeInIndex = 0; path = HappyVoiceUITests.xctest; sourceTree = BUILT_PRODUCTS_DIR; };
		04578983235D52A600831B57 /* HappyVoiceUITests.swift */ = {isa = PBXFileReference; lastKnownFileType = sourcecode.swift; path = HappyVoiceUITests.swift; sourceTree = "<group>"; };
		04578985235D52A600831B57 /* Info.plist */ = {isa = PBXFileReference; lastKnownFileType = text.plist.xml; path = Info.plist; sourceTree = "<group>"; };
		0457899C235D811600831B57 /* HVLoginMainVC.swift */ = {isa = PBXFileReference; lastKnownFileType = sourcecode.swift; path = HVLoginMainVC.swift; sourceTree = "<group>"; };
		0457899E235EB51E00831B57 /* BaseUIViewController.swift */ = {isa = PBXFileReference; lastKnownFileType = sourcecode.swift; path = BaseUIViewController.swift; sourceTree = "<group>"; };
		045789A0235ECED300831B57 /* BaseUITabBarController.swift */ = {isa = PBXFileReference; lastKnownFileType = sourcecode.swift; path = BaseUITabBarController.swift; sourceTree = "<group>"; };
		045789A2235ECF0C00831B57 /* BaseUINavigationController.swift */ = {isa = PBXFileReference; lastKnownFileType = sourcecode.swift; path = BaseUINavigationController.swift; sourceTree = "<group>"; };
		045789A4235ED67000831B57 /* HVHomeMainVC.swift */ = {isa = PBXFileReference; lastKnownFileType = sourcecode.swift; path = HVHomeMainVC.swift; sourceTree = "<group>"; };
		045789A6235ED68E00831B57 /* HVMyCenterVC.swift */ = {isa = PBXFileReference; lastKnownFileType = sourcecode.swift; path = HVMyCenterVC.swift; sourceTree = "<group>"; };
		5BC756BA438BB5DDD76732C2 /* Pods-HappyVoice.release.xcconfig */ = {isa = PBXFileReference; includeInIndex = 1; lastKnownFileType = text.xcconfig; name = "Pods-HappyVoice.release.xcconfig"; path = "Target Support Files/Pods-HappyVoice/Pods-HappyVoice.release.xcconfig"; sourceTree = "<group>"; };
		90A066DD7BA7F1DFBA233DA2 /* Pods_HappyVoice.framework */ = {isa = PBXFileReference; explicitFileType = wrapper.framework; includeInIndex = 0; path = Pods_HappyVoice.framework; sourceTree = BUILT_PRODUCTS_DIR; };
		B6676CA2A0AC8D745DB69317 /* Pods-HappyVoice.debug.xcconfig */ = {isa = PBXFileReference; includeInIndex = 1; lastKnownFileType = text.xcconfig; name = "Pods-HappyVoice.debug.xcconfig"; path = "Target Support Files/Pods-HappyVoice/Pods-HappyVoice.debug.xcconfig"; sourceTree = "<group>"; };
/* End PBXFileReference section */

/* Begin PBXFrameworksBuildPhase section */
		0457895B235D52A500831B57 /* Frameworks */ = {
			isa = PBXFrameworksBuildPhase;
			buildActionMask = 2147483647;
			files = (
				3B4DD0AB00CA565EF6583F1E /* Pods_HappyVoice.framework in Frameworks */,
			);
			runOnlyForDeploymentPostprocessing = 0;
		};
		04578971235D52A600831B57 /* Frameworks */ = {
			isa = PBXFrameworksBuildPhase;
			buildActionMask = 2147483647;
			files = (
			);
			runOnlyForDeploymentPostprocessing = 0;
		};
		0457897C235D52A600831B57 /* Frameworks */ = {
			isa = PBXFrameworksBuildPhase;
			buildActionMask = 2147483647;
			files = (
			);
			runOnlyForDeploymentPostprocessing = 0;
		};
/* End PBXFrameworksBuildPhase section */

/* Begin PBXGroup section */
		04578955235D52A500831B57 = {
			isa = PBXGroup;
			children = (
				04578960235D52A500831B57 /* HappyVoice */,
				04578977235D52A600831B57 /* HappyVoiceTests */,
				04578982235D52A600831B57 /* HappyVoiceUITests */,
				0457895F235D52A500831B57 /* Products */,
				A61F08812B3703B9B77F9C47 /* Pods */,
				9EE2AA6A2ADCA53D17801202 /* Frameworks */,
			);
			sourceTree = "<group>";
		};
		0457895F235D52A500831B57 /* Products */ = {
			isa = PBXGroup;
			children = (
				0457895E235D52A500831B57 /* HappyVoice.app */,
				04578974235D52A600831B57 /* HappyVoiceTests.xctest */,
				0457897F235D52A600831B57 /* HappyVoiceUITests.xctest */,
			);
			name = Products;
			sourceTree = "<group>";
		};
		04578960235D52A500831B57 /* HappyVoice */ = {
			isa = PBXGroup;
			children = (
				04578992235D53F700831B57 /* App */,
				04578991235D53F700831B57 /* Functions */,
				04578994235D53F700831B57 /* CommonUI */,
				04578995235D53F700831B57 /* Tools */,
				04578996235D540600831B57 /* Support File */,
			);
			path = HappyVoice;
			sourceTree = "<group>";
		};
		04578977235D52A600831B57 /* HappyVoiceTests */ = {
			isa = PBXGroup;
			children = (
				04578978235D52A600831B57 /* HappyVoiceTests.swift */,
				0457897A235D52A600831B57 /* Info.plist */,
			);
			path = HappyVoiceTests;
			sourceTree = "<group>";
		};
		04578982235D52A600831B57 /* HappyVoiceUITests */ = {
			isa = PBXGroup;
			children = (
				04578983235D52A600831B57 /* HappyVoiceUITests.swift */,
				04578985235D52A600831B57 /* Info.plist */,
			);
			path = HappyVoiceUITests;
			sourceTree = "<group>";
		};
		04578991235D53F700831B57 /* Functions */ = {
			isa = PBXGroup;
			children = (
				04578999235D7DB900831B57 /* LoginCenter */,
				04578998235D7D0D00831B57 /* HomeCenter */,
				04578997235D7D0D00831B57 /* MyCenter */,
			);
			path = Functions;
			sourceTree = "<group>";
		};
		04578992235D53F700831B57 /* App */ = {
			isa = PBXGroup;
			children = (
				04578961235D52A500831B57 /* AppDelegate.swift */,
				04578963235D52A500831B57 /* SceneDelegate.swift */,
				04578965235D52A500831B57 /* ViewController.swift */,
				04578993235D53F700831B57 /* BaseClass */,
			);
			path = App;
			sourceTree = "<group>";
		};
		04578993235D53F700831B57 /* BaseClass */ = {
			isa = PBXGroup;
			children = (
				0457899E235EB51E00831B57 /* BaseUIViewController.swift */,
				045789A0235ECED300831B57 /* BaseUITabBarController.swift */,
				045789A2235ECF0C00831B57 /* BaseUINavigationController.swift */,
			);
			path = BaseClass;
			sourceTree = "<group>";
		};
		04578994235D53F700831B57 /* CommonUI */ = {
			isa = PBXGroup;
			children = (
			);
			path = CommonUI;
			sourceTree = "<group>";
		};
		04578995235D53F700831B57 /* Tools */ = {
			isa = PBXGroup;
			children = (
			);
			path = Tools;
			sourceTree = "<group>";
		};
		04578996235D540600831B57 /* Support File */ = {
			isa = PBXGroup;
			children = (
				0457896F235D52A500831B57 /* Info.plist */,
				0457896A235D52A500831B57 /* Assets.xcassets */,
				0457896C235D52A500831B57 /* LaunchScreen.storyboard */,
			);
			name = "Support File";
			sourceTree = "<group>";
		};
		04578997235D7D0D00831B57 /* MyCenter */ = {
			isa = PBXGroup;
			children = (
				045789A6235ED68E00831B57 /* HVMyCenterVC.swift */,
			);
			path = MyCenter;
			sourceTree = "<group>";
		};
		04578998235D7D0D00831B57 /* HomeCenter */ = {
			isa = PBXGroup;
			children = (
				045789A4235ED67000831B57 /* HVHomeMainVC.swift */,
			);
			path = HomeCenter;
			sourceTree = "<group>";
		};
		04578999235D7DB900831B57 /* LoginCenter */ = {
			isa = PBXGroup;
			children = (
				0457899C235D811600831B57 /* HVLoginMainVC.swift */,
			);
			path = LoginCenter;
			sourceTree = "<group>";
		};
		9EE2AA6A2ADCA53D17801202 /* Frameworks */ = {
			isa = PBXGroup;
			children = (
				90A066DD7BA7F1DFBA233DA2 /* Pods_HappyVoice.framework */,
			);
			name = Frameworks;
			sourceTree = "<group>";
		};
		A61F08812B3703B9B77F9C47 /* Pods */ = {
			isa = PBXGroup;
			children = (
				B6676CA2A0AC8D745DB69317 /* Pods-HappyVoice.debug.xcconfig */,
				5BC756BA438BB5DDD76732C2 /* Pods-HappyVoice.release.xcconfig */,
			);
			path = Pods;
			sourceTree = "<group>";
		};
/* End PBXGroup section */

/* Begin PBXNativeTarget section */
		0457895D235D52A500831B57 /* HappyVoice */ = {
			isa = PBXNativeTarget;
			buildConfigurationList = 04578988235D52A600831B57 /* Build configuration list for PBXNativeTarget "HappyVoice" */;
			buildPhases = (
				49ACE56FDFECC4AB7AB4C472 /* [CP] Check Pods Manifest.lock */,
				0457895A235D52A500831B57 /* Sources */,
				0457895B235D52A500831B57 /* Frameworks */,
				0457895C235D52A500831B57 /* Resources */,
				1C5872A919F64E8370A8195A /* [CP] Embed Pods Frameworks */,
			);
			buildRules = (
			);
			dependencies = (
			);
			name = HappyVoice;
			productName = HappyVoice;
			productReference = 0457895E235D52A500831B57 /* HappyVoice.app */;
			productType = "com.apple.product-type.application";
		};
		04578973235D52A600831B57 /* HappyVoiceTests */ = {
			isa = PBXNativeTarget;
			buildConfigurationList = 0457898B235D52A600831B57 /* Build configuration list for PBXNativeTarget "HappyVoiceTests" */;
			buildPhases = (
				04578970235D52A600831B57 /* Sources */,
				04578971235D52A600831B57 /* Frameworks */,
				04578972235D52A600831B57 /* Resources */,
			);
			buildRules = (
			);
			dependencies = (
				04578976235D52A600831B57 /* PBXTargetDependency */,
			);
			name = HappyVoiceTests;
			productName = HappyVoiceTests;
			productReference = 04578974235D52A600831B57 /* HappyVoiceTests.xctest */;
			productType = "com.apple.product-type.bundle.unit-test";
		};
		0457897E235D52A600831B57 /* HappyVoiceUITests */ = {
			isa = PBXNativeTarget;
			buildConfigurationList = 0457898E235D52A600831B57 /* Build configuration list for PBXNativeTarget "HappyVoiceUITests" */;
			buildPhases = (
				0457897B235D52A600831B57 /* Sources */,
				0457897C235D52A600831B57 /* Frameworks */,
				0457897D235D52A600831B57 /* Resources */,
			);
			buildRules = (
			);
			dependencies = (
				04578981235D52A600831B57 /* PBXTargetDependency */,
			);
			name = HappyVoiceUITests;
			productName = HappyVoiceUITests;
			productReference = 0457897F235D52A600831B57 /* HappyVoiceUITests.xctest */;
			productType = "com.apple.product-type.bundle.ui-testing";
		};
/* End PBXNativeTarget section */

/* Begin PBXProject section */
		04578956235D52A500831B57 /* Project object */ = {
			isa = PBXProject;
			attributes = {
				LastSwiftUpdateCheck = 1110;
				LastUpgradeCheck = 1110;
				ORGANIZATIONNAME = "周结兵";
				TargetAttributes = {
					0457895D235D52A500831B57 = {
						CreatedOnToolsVersion = 11.1;
					};
					04578973235D52A600831B57 = {
						CreatedOnToolsVersion = 11.1;
						TestTargetID = 0457895D235D52A500831B57;
					};
					0457897E235D52A600831B57 = {
						CreatedOnToolsVersion = 11.1;
						TestTargetID = 0457895D235D52A500831B57;
					};
				};
			};
			buildConfigurationList = 04578959235D52A500831B57 /* Build configuration list for PBXProject "HappyVoice" */;
			compatibilityVersion = "Xcode 9.3";
			developmentRegion = en;
			hasScannedForEncodings = 0;
			knownRegions = (
				en,
				Base,
			);
			mainGroup = 04578955235D52A500831B57;
			productRefGroup = 0457895F235D52A500831B57 /* Products */;
			projectDirPath = "";
			projectRoot = "";
			targets = (
				0457895D235D52A500831B57 /* HappyVoice */,
				04578973235D52A600831B57 /* HappyVoiceTests */,
				0457897E235D52A600831B57 /* HappyVoiceUITests */,
			);
		};
/* End PBXProject section */

/* Begin PBXResourcesBuildPhase section */
		0457895C235D52A500831B57 /* Resources */ = {
			isa = PBXResourcesBuildPhase;
			buildActionMask = 2147483647;
			files = (
				0457896E235D52A500831B57 /* LaunchScreen.storyboard in Resources */,
				0457896B235D52A500831B57 /* Assets.xcassets in Resources */,
			);
			runOnlyForDeploymentPostprocessing = 0;
		};
		04578972235D52A600831B57 /* Resources */ = {
			isa = PBXResourcesBuildPhase;
			buildActionMask = 2147483647;
			files = (
			);
			runOnlyForDeploymentPostprocessing = 0;
		};
		0457897D235D52A600831B57 /* Resources */ = {
			isa = PBXResourcesBuildPhase;
			buildActionMask = 2147483647;
			files = (
			);
			runOnlyForDeploymentPostprocessing = 0;
		};
/* End PBXResourcesBuildPhase section */

/* Begin PBXShellScriptBuildPhase section */
		1C5872A919F64E8370A8195A /* [CP] Embed Pods Frameworks */ = {
			isa = PBXShellScriptBuildPhase;
			buildActionMask = 2147483647;
			files = (
			);
			inputFileListPaths = (
				"${PODS_ROOT}/Target Support Files/Pods-HappyVoice/Pods-HappyVoice-frameworks-${CONFIGURATION}-input-files.xcfilelist",
			);
			name = "[CP] Embed Pods Frameworks";
			outputFileListPaths = (
				"${PODS_ROOT}/Target Support Files/Pods-HappyVoice/Pods-HappyVoice-frameworks-${CONFIGURATION}-output-files.xcfilelist",
			);
			runOnlyForDeploymentPostprocessing = 0;
			shellPath = /bin/sh;
			shellScript = "\"${PODS_ROOT}/Target Support Files/Pods-HappyVoice/Pods-HappyVoice-frameworks.sh\"\n";
			showEnvVarsInLog = 0;
		};
		49ACE56FDFECC4AB7AB4C472 /* [CP] Check Pods Manifest.lock */ = {
			isa = PBXShellScriptBuildPhase;
			buildActionMask = 2147483647;
			files = (
			);
			inputFileListPaths = (
			);
			inputPaths = (
				"${PODS_PODFILE_DIR_PATH}/Podfile.lock",
				"${PODS_ROOT}/Manifest.lock",
			);
			name = "[CP] Check Pods Manifest.lock";
			outputFileListPaths = (
			);
			outputPaths = (
				"$(DERIVED_FILE_DIR)/Pods-HappyVoice-checkManifestLockResult.txt",
			);
			runOnlyForDeploymentPostprocessing = 0;
			shellPath = /bin/sh;
			shellScript = "diff \"${PODS_PODFILE_DIR_PATH}/Podfile.lock\" \"${PODS_ROOT}/Manifest.lock\" > /dev/null\nif [ $? != 0 ] ; then\n    # print error to STDERR\n    echo \"error: The sandbox is not in sync with the Podfile.lock. Run 'pod install' or update your CocoaPods installation.\" >&2\n    exit 1\nfi\n# This output is used by Xcode 'outputs' to avoid re-running this script phase.\necho \"SUCCESS\" > \"${SCRIPT_OUTPUT_FILE_0}\"\n";
			showEnvVarsInLog = 0;
		};
/* End PBXShellScriptBuildPhase section */

/* Begin PBXSourcesBuildPhase section */
		0457895A235D52A500831B57 /* Sources */ = {
			isa = PBXSourcesBuildPhase;
			buildActionMask = 2147483647;
			files = (
				0457899F235EB51E00831B57 /* BaseUIViewController.swift in Sources */,
				04578966235D52A500831B57 /* ViewController.swift in Sources */,
				045789A5235ED67000831B57 /* HVHomeMainVC.swift in Sources */,
				04578962235D52A500831B57 /* AppDelegate.swift in Sources */,
				04578964235D52A500831B57 /* SceneDelegate.swift in Sources */,
				045789A7235ED68E00831B57 /* HVMyCenterVC.swift in Sources */,
				045789A1235ECED300831B57 /* BaseUITabBarController.swift in Sources */,
				045789A3235ECF0C00831B57 /* BaseUINavigationController.swift in Sources */,
				0457899D235D811600831B57 /* HVLoginMainVC.swift in Sources */,
			);
			runOnlyForDeploymentPostprocessing = 0;
		};
		04578970235D52A600831B57 /* Sources */ = {
			isa = PBXSourcesBuildPhase;
			buildActionMask = 2147483647;
			files = (
				04578979235D52A600831B57 /* HappyVoiceTests.swift in Sources */,
			);
			runOnlyForDeploymentPostprocessing = 0;
		};
		0457897B235D52A600831B57 /* Sources */ = {
			isa = PBXSourcesBuildPhase;
			buildActionMask = 2147483647;
			files = (
				04578984235D52A600831B57 /* HappyVoiceUITests.swift in Sources */,
			);
			runOnlyForDeploymentPostprocessing = 0;
		};
/* End PBXSourcesBuildPhase section */

/* Begin PBXTargetDependency section */
		04578976235D52A600831B57 /* PBXTargetDependency */ = {
			isa = PBXTargetDependency;
			target = 0457895D235D52A500831B57 /* HappyVoice */;
			targetProxy = 04578975235D52A600831B57 /* PBXContainerItemProxy */;
		};
		04578981235D52A600831B57 /* PBXTargetDependency */ = {
			isa = PBXTargetDependency;
			target = 0457895D235D52A500831B57 /* HappyVoice */;
			targetProxy = 04578980235D52A600831B57 /* PBXContainerItemProxy */;
		};
/* End PBXTargetDependency section */

/* Begin PBXVariantGroup section */
		0457896C235D52A500831B57 /* LaunchScreen.storyboard */ = {
			isa = PBXVariantGroup;
			children = (
				0457896D235D52A500831B57 /* Base */,
			);
			name = LaunchScreen.storyboard;
			sourceTree = "<group>";
		};
/* End PBXVariantGroup section */

/* Begin XCBuildConfiguration section */
		04578986235D52A600831B57 /* Debug */ = {
			isa = XCBuildConfiguration;
			buildSettings = {
				ALWAYS_SEARCH_USER_PATHS = NO;
				CLANG_ANALYZER_NONNULL = YES;
				CLANG_ANALYZER_NUMBER_OBJECT_CONVERSION = YES_AGGRESSIVE;
				CLANG_CXX_LANGUAGE_STANDARD = "gnu++14";
				CLANG_CXX_LIBRARY = "libc++";
				CLANG_ENABLE_MODULES = YES;
				CLANG_ENABLE_OBJC_ARC = YES;
				CLANG_ENABLE_OBJC_WEAK = YES;
				CLANG_WARN_BLOCK_CAPTURE_AUTORELEASING = YES;
				CLANG_WARN_BOOL_CONVERSION = YES;
				CLANG_WARN_COMMA = YES;
				CLANG_WARN_CONSTANT_CONVERSION = YES;
				CLANG_WARN_DEPRECATED_OBJC_IMPLEMENTATIONS = YES;
				CLANG_WARN_DIRECT_OBJC_ISA_USAGE = YES_ERROR;
				CLANG_WARN_DOCUMENTATION_COMMENTS = YES;
				CLANG_WARN_EMPTY_BODY = YES;
				CLANG_WARN_ENUM_CONVERSION = YES;
				CLANG_WARN_INFINITE_RECURSION = YES;
				CLANG_WARN_INT_CONVERSION = YES;
				CLANG_WARN_NON_LITERAL_NULL_CONVERSION = YES;
				CLANG_WARN_OBJC_IMPLICIT_RETAIN_SELF = YES;
				CLANG_WARN_OBJC_LITERAL_CONVERSION = YES;
				CLANG_WARN_OBJC_ROOT_CLASS = YES_ERROR;
				CLANG_WARN_RANGE_LOOP_ANALYSIS = YES;
				CLANG_WARN_STRICT_PROTOTYPES = YES;
				CLANG_WARN_SUSPICIOUS_MOVE = YES;
				CLANG_WARN_UNGUARDED_AVAILABILITY = YES_AGGRESSIVE;
				CLANG_WARN_UNREACHABLE_CODE = YES;
				CLANG_WARN__DUPLICATE_METHOD_MATCH = YES;
				COPY_PHASE_STRIP = NO;
				DEBUG_INFORMATION_FORMAT = dwarf;
				ENABLE_STRICT_OBJC_MSGSEND = YES;
				ENABLE_TESTABILITY = YES;
				GCC_C_LANGUAGE_STANDARD = gnu11;
				GCC_DYNAMIC_NO_PIC = NO;
				GCC_NO_COMMON_BLOCKS = YES;
				GCC_OPTIMIZATION_LEVEL = 0;
				GCC_PREPROCESSOR_DEFINITIONS = (
					"DEBUG=1",
					"$(inherited)",
				);
				GCC_WARN_64_TO_32_BIT_CONVERSION = YES;
				GCC_WARN_ABOUT_RETURN_TYPE = YES_ERROR;
				GCC_WARN_UNDECLARED_SELECTOR = YES;
				GCC_WARN_UNINITIALIZED_AUTOS = YES_AGGRESSIVE;
				GCC_WARN_UNUSED_FUNCTION = YES;
				GCC_WARN_UNUSED_VARIABLE = YES;
				IPHONEOS_DEPLOYMENT_TARGET = 13.1;
				MTL_ENABLE_DEBUG_INFO = INCLUDE_SOURCE;
				MTL_FAST_MATH = YES;
				ONLY_ACTIVE_ARCH = YES;
				SDKROOT = iphoneos;
				SWIFT_ACTIVE_COMPILATION_CONDITIONS = DEBUG;
				SWIFT_OPTIMIZATION_LEVEL = "-Onone";
			};
			name = Debug;
		};
		04578987235D52A600831B57 /* Release */ = {
			isa = XCBuildConfiguration;
			buildSettings = {
				ALWAYS_SEARCH_USER_PATHS = NO;
				CLANG_ANALYZER_NONNULL = YES;
				CLANG_ANALYZER_NUMBER_OBJECT_CONVERSION = YES_AGGRESSIVE;
				CLANG_CXX_LANGUAGE_STANDARD = "gnu++14";
				CLANG_CXX_LIBRARY = "libc++";
				CLANG_ENABLE_MODULES = YES;
				CLANG_ENABLE_OBJC_ARC = YES;
				CLANG_ENABLE_OBJC_WEAK = YES;
				CLANG_WARN_BLOCK_CAPTURE_AUTORELEASING = YES;
				CLANG_WARN_BOOL_CONVERSION = YES;
				CLANG_WARN_COMMA = YES;
				CLANG_WARN_CONSTANT_CONVERSION = YES;
				CLANG_WARN_DEPRECATED_OBJC_IMPLEMENTATIONS = YES;
				CLANG_WARN_DIRECT_OBJC_ISA_USAGE = YES_ERROR;
				CLANG_WARN_DOCUMENTATION_COMMENTS = YES;
				CLANG_WARN_EMPTY_BODY = YES;
				CLANG_WARN_ENUM_CONVERSION = YES;
				CLANG_WARN_INFINITE_RECURSION = YES;
				CLANG_WARN_INT_CONVERSION = YES;
				CLANG_WARN_NON_LITERAL_NULL_CONVERSION = YES;
				CLANG_WARN_OBJC_IMPLICIT_RETAIN_SELF = YES;
				CLANG_WARN_OBJC_LITERAL_CONVERSION = YES;
				CLANG_WARN_OBJC_ROOT_CLASS = YES_ERROR;
				CLANG_WARN_RANGE_LOOP_ANALYSIS = YES;
				CLANG_WARN_STRICT_PROTOTYPES = YES;
				CLANG_WARN_SUSPICIOUS_MOVE = YES;
				CLANG_WARN_UNGUARDED_AVAILABILITY = YES_AGGRESSIVE;
				CLANG_WARN_UNREACHABLE_CODE = YES;
				CLANG_WARN__DUPLICATE_METHOD_MATCH = YES;
				COPY_PHASE_STRIP = NO;
				DEBUG_INFORMATION_FORMAT = "dwarf-with-dsym";
				ENABLE_NS_ASSERTIONS = NO;
				ENABLE_STRICT_OBJC_MSGSEND = YES;
				GCC_C_LANGUAGE_STANDARD = gnu11;
				GCC_NO_COMMON_BLOCKS = YES;
				GCC_WARN_64_TO_32_BIT_CONVERSION = YES;
				GCC_WARN_ABOUT_RETURN_TYPE = YES_ERROR;
				GCC_WARN_UNDECLARED_SELECTOR = YES;
				GCC_WARN_UNINITIALIZED_AUTOS = YES_AGGRESSIVE;
				GCC_WARN_UNUSED_FUNCTION = YES;
				GCC_WARN_UNUSED_VARIABLE = YES;
				IPHONEOS_DEPLOYMENT_TARGET = 13.1;
				MTL_ENABLE_DEBUG_INFO = NO;
				MTL_FAST_MATH = YES;
				SDKROOT = iphoneos;
				SWIFT_COMPILATION_MODE = wholemodule;
				SWIFT_OPTIMIZATION_LEVEL = "-O";
				VALIDATE_PRODUCT = YES;
			};
			name = Release;
		};
		04578989235D52A600831B57 /* Debug */ = {
			isa = XCBuildConfiguration;
			baseConfigurationReference = B6676CA2A0AC8D745DB69317 /* Pods-HappyVoice.debug.xcconfig */;
			buildSettings = {
				ASSETCATALOG_COMPILER_APPICON_NAME = AppIcon;
				CODE_SIGN_STYLE = Automatic;
				INFOPLIST_FILE = HappyVoice/Info.plist;
				LD_RUNPATH_SEARCH_PATHS = (
					"$(inherited)",
					"@executable_path/Frameworks",
				);
				PRODUCT_BUNDLE_IDENTIFIER = Mr.Zhou.HappyVoice;
				PRODUCT_NAME = "$(TARGET_NAME)";
				SWIFT_VERSION = 5.0;
				TARGETED_DEVICE_FAMILY = "1,2";
			};
			name = Debug;
		};
		0457898A235D52A600831B57 /* Release */ = {
			isa = XCBuildConfiguration;
			baseConfigurationReference = 5BC756BA438BB5DDD76732C2 /* Pods-HappyVoice.release.xcconfig */;
			buildSettings = {
				ASSETCATALOG_COMPILER_APPICON_NAME = AppIcon;
				CODE_SIGN_STYLE = Automatic;
				INFOPLIST_FILE = HappyVoice/Info.plist;
				LD_RUNPATH_SEARCH_PATHS = (
					"$(inherited)",
					"@executable_path/Frameworks",
				);
				PRODUCT_BUNDLE_IDENTIFIER = Mr.Zhou.HappyVoice;
				PRODUCT_NAME = "$(TARGET_NAME)";
				SWIFT_VERSION = 5.0;
				TARGETED_DEVICE_FAMILY = "1,2";
			};
			name = Release;
		};
		0457898C235D52A600831B57 /* Debug */ = {
			isa = XCBuildConfiguration;
			buildSettings = {
				ALWAYS_EMBED_SWIFT_STANDARD_LIBRARIES = YES;
				BUNDLE_LOADER = "$(TEST_HOST)";
				CODE_SIGN_STYLE = Automatic;
				INFOPLIST_FILE = HappyVoiceTests/Info.plist;
				IPHONEOS_DEPLOYMENT_TARGET = 13.1;
				LD_RUNPATH_SEARCH_PATHS = (
					"$(inherited)",
					"@executable_path/Frameworks",
					"@loader_path/Frameworks",
				);
				PRODUCT_BUNDLE_IDENTIFIER = Mr.Zhou.HappyVoiceTests;
				PRODUCT_NAME = "$(TARGET_NAME)";
				SWIFT_VERSION = 5.0;
				TARGETED_DEVICE_FAMILY = "1,2";
				TEST_HOST = "$(BUILT_PRODUCTS_DIR)/HappyVoice.app/HappyVoice";
			};
			name = Debug;
		};
		0457898D235D52A600831B57 /* Release */ = {
			isa = XCBuildConfiguration;
			buildSettings = {
				ALWAYS_EMBED_SWIFT_STANDARD_LIBRARIES = YES;
				BUNDLE_LOADER = "$(TEST_HOST)";
				CODE_SIGN_STYLE = Automatic;
				INFOPLIST_FILE = HappyVoiceTests/Info.plist;
				IPHONEOS_DEPLOYMENT_TARGET = 13.1;
				LD_RUNPATH_SEARCH_PATHS = (
					"$(inherited)",
					"@executable_path/Frameworks",
					"@loader_path/Frameworks",
				);
				PRODUCT_BUNDLE_IDENTIFIER = Mr.Zhou.HappyVoiceTests;
				PRODUCT_NAME = "$(TARGET_NAME)";
				SWIFT_VERSION = 5.0;
				TARGETED_DEVICE_FAMILY = "1,2";
				TEST_HOST = "$(BUILT_PRODUCTS_DIR)/HappyVoice.app/HappyVoice";
			};
			name = Release;
		};
		0457898F235D52A600831B57 /* Debug */ = {
			isa = XCBuildConfiguration;
			buildSettings = {
				ALWAYS_EMBED_SWIFT_STANDARD_LIBRARIES = YES;
				CODE_SIGN_STYLE = Automatic;
				INFOPLIST_FILE = HappyVoiceUITests/Info.plist;
				LD_RUNPATH_SEARCH_PATHS = (
					"$(inherited)",
					"@executable_path/Frameworks",
					"@loader_path/Frameworks",
				);
				PRODUCT_BUNDLE_IDENTIFIER = Mr.Zhou.HappyVoiceUITests;
				PRODUCT_NAME = "$(TARGET_NAME)";
				SWIFT_VERSION = 5.0;
				TARGETED_DEVICE_FAMILY = "1,2";
				TEST_TARGET_NAME = HappyVoice;
			};
			name = Debug;
		};
		04578990235D52A600831B57 /* Release */ = {
			isa = XCBuildConfiguration;
			buildSettings = {
				ALWAYS_EMBED_SWIFT_STANDARD_LIBRARIES = YES;
				CODE_SIGN_STYLE = Automatic;
				INFOPLIST_FILE = HappyVoiceUITests/Info.plist;
				LD_RUNPATH_SEARCH_PATHS = (
					"$(inherited)",
					"@executable_path/Frameworks",
					"@loader_path/Frameworks",
				);
				PRODUCT_BUNDLE_IDENTIFIER = Mr.Zhou.HappyVoiceUITests;
				PRODUCT_NAME = "$(TARGET_NAME)";
				SWIFT_VERSION = 5.0;
				TARGETED_DEVICE_FAMILY = "1,2";
				TEST_TARGET_NAME = HappyVoice;
			};
			name = Release;
		};
/* End XCBuildConfiguration section */

/* Begin XCConfigurationList section */
		04578959235D52A500831B57 /* Build configuration list for PBXProject "HappyVoice" */ = {
			isa = XCConfigurationList;
			buildConfigurations = (
				04578986235D52A600831B57 /* Debug */,
				04578987235D52A600831B57 /* Release */,
			);
			defaultConfigurationIsVisible = 0;
			defaultConfigurationName = Release;
		};
		04578988235D52A600831B57 /* Build configuration list for PBXNativeTarget "HappyVoice" */ = {
			isa = XCConfigurationList;
			buildConfigurations = (
				04578989235D52A600831B57 /* Debug */,
				0457898A235D52A600831B57 /* Release */,
			);
			defaultConfigurationIsVisible = 0;
			defaultConfigurationName = Release;
		};
		0457898B235D52A600831B57 /* Build configuration list for PBXNativeTarget "HappyVoiceTests" */ = {
			isa = XCConfigurationList;
			buildConfigurations = (
				0457898C235D52A600831B57 /* Debug */,
				0457898D235D52A600831B57 /* Release */,
			);
			defaultConfigurationIsVisible = 0;
			defaultConfigurationName = Release;
		};
		0457898E235D52A600831B57 /* Build configuration list for PBXNativeTarget "HappyVoiceUITests" */ = {
			isa = XCConfigurationList;
			buildConfigurations = (
				0457898F235D52A600831B57 /* Debug */,
				04578990235D52A600831B57 /* Release */,
			);
			defaultConfigurationIsVisible = 0;
			defaultConfigurationName = Release;
		};
/* End XCConfigurationList section */
	};
	rootObject = 04578956235D52A500831B57 /* Project object */;
}
